
Microsoft Visual Studio Solution File, Format Version 12.00
# Visual Studio 14
VisualStudioVersion = 14.0.25420.1
MinimumVisualStudioVersion = 10.0.40219.1
Project("{8BC9CEB8-8B4A-11D0-8D11-00A0C91BC942}") = "test", "test.vcxproj", "{8DDF8E0A-A452-41A9-81AB-81EF44E52A2E}"
EndProject
Project("{8BC9CEB8-8B4A-11D0-8D11-00A0C91BC942}") = "tcp-server-aio", "tcp\tcp-server-aio\tcp-server-aio.vcxproj", "{B8AD285F-2727-45D8-A6AA-2BE7D0DAE03B}"
EndProject
Project("{8BC9CEB8-8B4A-11D0-8D11-00A0C91BC942}") = "tcp-client", "tcp\tcp-client\tcp-client.vcxproj", "{5479B20B-DCDB-42C2-AC96-62E2E943F041}"
EndProject
Project("{8BC9CEB8-8B4A-11D0-8D11-00A0C91BC942}") = "tcp-server", "tcp\tcp-server\tcp-server.vcxproj", "{1F1D488C-3778-44D5-B1F3-EAF5204E0CA8}"
EndProject
Project("{8BC9CEB8-8B4A-11D0-8D11-00A0C91BC942}") = "libhttp", "..\libhttp\libhttp.vcxproj", "{B2CA3B5D-F7C6-4DAF-8F32-F8A169427A7C}"
EndProject
Project("{8BC9CEB8-8B4A-11D0-8D11-00A0C91BC942}") = "libaio", "..\libaio\libaio.vcxproj", "{24239EF8-56AC-4B79-81AA-5CB49B8B1178}"
EndProject
Project("{8BC9CEB8-8B4A-11D0-8D11-00A0C91BC942}") = "libtorrent", "..\libtorrent\libtorrent.vcxproj", "{29842B79-F362-4277-B0CB-D15CC397C2FE}"
EndProject
Global
	GlobalSection(SolutionConfigurationPlatforms) = preSolution
		Debug|Win32 = Debug|Win32
		Debug|x64 = Debug|x64
		Release|Win32 = Release|Win32
		Release|x64 = Release|x64
	EndGlobalSection
	GlobalSection(ProjectConfigurationPlatforms) = postSolution
		{8DDF8E0A-A452-41A9-81AB-81EF44E52A2E}.Debug|Win32.ActiveCfg = Debug|Win32
		{8DDF8E0A-A452-41A9-81AB-81EF44E52A2E}.Debug|Win32.Build.0 = Debug|Win32
		{8DDF8E0A-A452-41A9-81AB-81EF44E52A2E}.Debug|x64.ActiveCfg = Debug|Win32
		{8DDF8E0A-A452-41A9-81AB-81EF44E52A2E}.Release|Win32.ActiveCfg = Release|Win32
		{8DDF8E0A-A452-41A9-81AB-81EF44E52A2E}.Release|Win32.Build.0 = Release|Win32
		{8DDF8E0A-A452-41A9-81AB-81EF44E52A2E}.Release|x64.ActiveCfg = Release|Win32
		{B8AD285F-2727-45D8-A6AA-2BE7D0DAE03B}.Debug|Win32.ActiveCfg = Debug|Win32
		{B8AD285F-2727-45D8-A6AA-2BE7D0DAE03B}.Debug|Win32.Build.0 = Debug|Win32
		{B8AD285F-2727-45D8-A6AA-2BE7D0DAE03B}.Debug|x64.ActiveCfg = Debug|Win32
		{B8AD285F-2727-45D8-A6AA-2BE7D0DAE03B}.Release|Win32.ActiveCfg = Release|Win32
		{B8AD285F-2727-45D8-A6AA-2BE7D0DAE03B}.Release|Win32.Build.0 = Release|Win32
		{B8AD285F-2727-45D8-A6AA-2BE7D0DAE03B}.Release|x64.ActiveCfg = Release|Win32
		{5479B20B-DCDB-42C2-AC96-62E2E943F041}.Debug|Win32.ActiveCfg = Debug|Win32
		{5479B20B-DCDB-42C2-AC96-62E2E943F041}.Debug|Win32.Build.0 = Debug|Win32
		{5479B20B-DCDB-42C2-AC96-62E2E943F041}.Debug|x64.ActiveCfg = Debug|Win32
		{5479B20B-DCDB-42C2-AC96-62E2E943F041}.Release|Win32.ActiveCfg = Release|Win32
		{5479B20B-DCDB-42C2-AC96-62E2E943F041}.Release|Win32.Build.0 = Release|Win32
		{5479B20B-DCDB-42C2-AC96-62E2E943F041}.Release|x64.ActiveCfg = Release|Win32
		{1F1D488C-3778-44D5-B1F3-EAF5204E0CA8}.Debug|Win32.ActiveCfg = Debug|Win32
		{1F1D488C-3778-44D5-B1F3-EAF5204E0CA8}.Debug|Win32.Build.0 = Debug|Win32
		{1F1D488C-3778-44D5-B1F3-EAF5204E0CA8}.Debug|x64.ActiveCfg = Debug|Win32
		{1F1D488C-3778-44D5-B1F3-EAF5204E0CA8}.Release|Win32.ActiveCfg = Release|Win32
		{1F1D488C-3778-44D5-B1F3-EAF5204E0CA8}.Release|Win32.Build.0 = Release|Win32
		{1F1D488C-3778-44D5-B1F3-EAF5204E0CA8}.Release|x64.ActiveCfg = Release|Win32
		{B2CA3B5D-F7C6-4DAF-8F32-F8A169427A7C}.Debug|Win32.ActiveCfg = Debug|Win32
		{B2CA3B5D-F7C6-4DAF-8F32-F8A169427A7C}.Debug|Win32.Build.0 = Debug|Win32
		{B2CA3B5D-F7C6-4DAF-8F32-F8A169427A7C}.Debug|x64.ActiveCfg = Debug|x64
		{B2CA3B5D-F7C6-4DAF-8F32-F8A169427A7C}.Debug|x64.Build.0 = Debug|x64
		{B2CA3B5D-F7C6-4DAF-8F32-F8A169427A7C}.Release|Win32.ActiveCfg = Release|Win32
		{B2CA3B5D-F7C6-4DAF-8F32-F8A169427A7C}.Release|Win32.Build.0 = Release|Win32
		{B2CA3B5D-F7C6-4DAF-8F32-F8A169427A7C}.Release|x64.ActiveCfg = Release|x64
		{B2CA3B5D-F7C6-4DAF-8F32-F8A169427A7C}.Release|x64.Build.0 = Release|x64
		{24239EF8-56AC-4B79-81AA-5CB49B8B1178}.Debug|Win32.ActiveCfg = Debug|Win32
		{24239EF8-56AC-4B79-81AA-5CB49B8B1178}.Debug|Win32.Build.0 = Debug|Win32
		{24239EF8-56AC-4B79-81AA-5CB49B8B1178}.Debug|x64.ActiveCfg = Debug|x64
		{24239EF8-56AC-4B79-81AA-5CB49B8B1178}.Debug|x64.Build.0 = Debug|x64
		{24239EF8-56AC-4B79-81AA-5CB49B8B1178}.Release|Win32.ActiveCfg = Release|Win32
		{24239EF8-56AC-4B79-81AA-5CB49B8B1178}.Release|Win32.Build.0 = Release|Win32
		{24239EF8-56AC-4B79-81AA-5CB49B8B1178}.Release|x64.ActiveCfg = Release|x64
		{24239EF8-56AC-4B79-81AA-5CB49B8B1178}.Release|x64.Build.0 = Release|x64
		{29842B79-F362-4277-B0CB-D15CC397C2FE}.Debug|Win32.ActiveCfg = Debug|Win32
		{29842B79-F362-4277-B0CB-D15CC397C2FE}.Debug|Win32.Build.0 = Debug|Win32
		{29842B79-F362-4277-B0CB-D15CC397C2FE}.Debug|x64.ActiveCfg = Debug|x64
		{29842B79-F362-4277-B0CB-D15CC397C2FE}.Debug|x64.Build.0 = Debug|x64
		{29842B79-F362-4277-B0CB-D15CC397C2FE}.Release|Win32.ActiveCfg = Release|Win32
		{29842B79-F362-4277-B0CB-D15CC397C2FE}.Release|Win32.Build.0 = Release|Win32
		{29842B79-F362-4277-B0CB-D15CC397C2FE}.Release|x64.ActiveCfg = Release|x64
		{29842B79-F362-4277-B0CB-D15CC397C2FE}.Release|x64.Build.0 = Release|x64
	EndGlobalSection
	GlobalSection(SolutionProperties) = preSolution
		HideSolutionNode = FALSE
	EndGlobalSection
EndGlobal
