<?xml version="1.0" encoding="utf-8"?>
<Project ToolsVersion="4.0" xmlns="http://schemas.microsoft.com/developer/msbuild/2003">
  <ItemGroup>
    <Filter Include="Source Files">
      <UniqueIdentifier>{4FC737F1-C7A5-4376-A066-2A32D752A2FF}</UniqueIdentifier>
      <Extensions>cpp;c;cc;cxx;def;odl;idl;hpj;bat;asm;asmx</Extensions>
    </Filter>
    <Filter Include="Header Files">
      <UniqueIdentifier>{93995380-89BD-4b04-88EB-625FBE52EBFB}</UniqueIdentifier>
      <Extensions>h;hpp;hxx;hm;inl;inc;xsd</Extensions>
    </Filter>
    <Filter Include="Resource Files">
      <UniqueIdentifier>{67DA6AB6-F800-4c08-8B7A-83BB121AAD01}</UniqueIdentifier>
      <Extensions>rc;ico;cur;bmp;dlg;rc2;rct;bin;rgs;gif;jpg;jpeg;jpe;resx;tiff;tif;png;wav</Extensions>
    </Filter>
    <Filter Include="librtsp">
      <UniqueIdentifier>{c1b91e45-b061-4096-a9f3-b470be315e76}</UniqueIdentifier>
    </Filter>
    <Filter Include="epoll">
      <UniqueIdentifier>{381b9c70-c68b-4cb7-a4df-76223c4c7e09}</UniqueIdentifier>
    </Filter>
    <Filter Include="libhttp">
      <UniqueIdentifier>{d924ccb8-ac94-4614-9d48-2d8ba368aa81}</UniqueIdentifier>
    </Filter>
    <Filter Include="libice">
      <UniqueIdentifier>{451dbe7b-cad2-4b49-bd9b-0375a9b857eb}</UniqueIdentifier>
    </Filter>
  </ItemGroup>
  <ItemGroup>
    <ClCompile Include="aio-socket-test.c">
      <Filter>Source Files</Filter>
    </ClCompile>
    <ClCompile Include="aio-socket-test2.c">
      <Filter>Source Files</Filter>
    </ClCompile>
    <ClCompile Include="aio-socket-test3.c">
      <Filter>Source Files</Filter>
    </ClCompile>
    <ClCompile Include="aio-socket-test4.c">
      <Filter>Source Files</Filter>
    </ClCompile>
    <ClCompile Include="atomic-test.c">
      <Filter>Source Files</Filter>
    </ClCompile>
    <ClCompile Include="atomic-test2.c">
      <Filter>Source Files</Filter>
    </ClCompile>
    <ClCompile Include="event-test.c">
      <Filter>Source Files</Filter>
    </ClCompile>
    <ClCompile Include="http-test.c">
      <Filter>Source Files</Filter>
    </ClCompile>
    <ClCompile Include="ip-route-test.c">
      <Filter>Source Files</Filter>
    </ClCompile>
    <ClCompile Include="locker-test.c">
      <Filter>Source Files</Filter>
    </ClCompile>
    <ClCompile Include="main.c">
      <Filter>Source Files</Filter>
    </ClCompile>
    <ClCompile Include="rtsp-test.c">
      <Filter>Source Files</Filter>
    </ClCompile>
    <ClCompile Include="sdp-test.c">
      <Filter>Source Files</Filter>
    </ClCompile>
    <ClCompile Include="semaphore-test.c">
      <Filter>Source Files</Filter>
    </ClCompile>
    <ClCompile Include="socket-test.c">
      <Filter>Source Files</Filter>
    </ClCompile>
    <ClCompile Include="spinlock-test.c">
      <Filter>Source Files</Filter>
    </ClCompile>
    <ClCompile Include="stack-test.c">
      <Filter>Source Files</Filter>
    </ClCompile>
    <ClCompile Include="systimer-test.c">
      <Filter>Source Files</Filter>
    </ClCompile>
    <ClCompile Include="task-queue-test.c">
      <Filter>Source Files</Filter>
    </ClCompile>
    <ClCompile Include="thread-pool-test.c">
      <Filter>Source Files</Filter>
    </ClCompile>
    <ClCompile Include="unicode-test.c">
      <Filter>Source Files</Filter>
    </ClCompile>
    <ClCompile Include="utf8codec-test.cpp">
      <Filter>Source Files</Filter>
    </ClCompile>
    <ClCompile Include="..\..\media-server\librtsp\source\rtsp-header-range.c">
      <Filter>librtsp</Filter>
    </ClCompile>
    <ClCompile Include="..\..\media-server\librtsp\source\rtsp-header-rtp-info.c">
      <Filter>librtsp</Filter>
    </ClCompile>
    <ClCompile Include="..\..\media-server\librtsp\source\rtsp-header-session.c">
      <Filter>librtsp</Filter>
    </ClCompile>
    <ClCompile Include="..\..\media-server\librtsp\source\rtsp-header-transport.c">
      <Filter>librtsp</Filter>
    </ClCompile>
    <ClCompile Include="onetime-test.c">
      <Filter>Source Files</Filter>
    </ClCompile>
    <ClCompile Include="uri-parse-test.c">
      <Filter>Source Files</Filter>
    </ClCompile>
    <ClCompile Include="aio-socket-test-cancel.c">
      <Filter>Source Files</Filter>
    </ClCompile>
    <ClCompile Include="rbtree-test.c">
      <Filter>Source Files</Filter>
    </ClCompile>
    <ClCompile Include="timer-test.c">
      <Filter>Source Files</Filter>
    </ClCompile>
    <ClCompile Include="..\libhttp\test\benchmark.c">
      <Filter>libhttp</Filter>
    </ClCompile>
    <ClCompile Include="..\libhttp\test\http-client-test.cpp">
      <Filter>libhttp</Filter>
    </ClCompile>
    <ClCompile Include="..\libhttp\test\http-client-test2.cpp">
      <Filter>libhttp</Filter>
    </ClCompile>
    <ClCompile Include="..\libhttp\test\http-list-dir.cpp">
      <Filter>libhttp</Filter>
    </ClCompile>
    <ClCompile Include="..\libhttp\test\http-server-test.cpp">
      <Filter>libhttp</Filter>
    </ClCompile>
    <ClCompile Include="sha-test.c">
      <Filter>Source Files</Filter>
    </ClCompile>
    <ClCompile Include="bitmap-test.c">
      <Filter>Source Files</Filter>
    </ClCompile>
    <ClCompile Include="socket-ipv6-dual-stack-test.c">
      <Filter>Source Files</Filter>
    </ClCompile>
    <ClCompile Include="aio-socket-test5.c">
      <Filter>Source Files</Filter>
    </ClCompile>
    <ClCompile Include="aio-socket-test5.c">
      <Filter>Source Files</Filter>
    </ClCompile>
    <ClCompile Include="socket-opt-dontfrag-test.c">
      <Filter>Source Files</Filter>
    </ClCompile>
    <ClCompile Include="..\libhttp\test\http-parser-test.c">
      <Filter>libhttp</Filter>
    </ClCompile>
    <ClCompile Include="..\libice\test\stun-client-test.cpp">
      <Filter>libice</Filter>
    </ClCompile>
    <ClCompile Include="..\libice\test\tls-socket.c">
      <Filter>libice</Filter>
    </ClCompile>
    <ClCompile Include="..\libice\test\turn-client-test.cpp">
      <Filter>libice</Filter>
    </ClCompile>
    <ClCompile Include="..\libice\test\stun-server-test.cpp">
      <Filter>libice</Filter>
    </ClCompile>
    <ClCompile Include="..\libice\test\ice-agent-test.cpp">
      <Filter>libice</Filter>
    </ClCompile>
    <ClCompile Include="channel-test.cpp">
      <Filter>Source Files</Filter>
    </ClCompile>
    <ClCompile Include="..\libice\test\ice-transport.c">
      <Filter>libice</Filter>
    </ClCompile>
    <ClCompile Include="..\..\media-server\librtsp\source\rtsp-media.c">
      <Filter>libice</Filter>
    </ClCompile>
    <ClCompile Include="..\..\media-server\librtsp\source\sdp.c">
      <Filter>librtsp</Filter>
    </ClCompile>
    <ClCompile Include="..\..\media-server\librtsp\source\sdp-a-fmtp.c">
      <Filter>librtsp</Filter>
    </ClCompile>
    <ClCompile Include="..\..\media-server\librtsp\source\sdp-a-rtpmap.c">
      <Filter>librtsp</Filter>
    </ClCompile>
    <ClCompile Include="socketpair-test.c">
      <Filter>Source Files</Filter>
    </ClCompile>
    <ClCompile Include="..\libaio\test\aio-poll-test.c">
      <Filter>Source Files</Filter>
    </ClCompile>
    <ClCompile Include="string-test.c">
      <Filter>Source Files</Filter>
    </ClCompile>
    <ClCompile Include="..\libhttp\test\http-client-test3.cpp">
      <Filter>libhttp</Filter>
    </ClCompile>
    <ClCompile Include="dir-test.c">
      <Filter>Source Files</Filter>
    </ClCompile>
    <ClCompile Include="..\..\media-server\librtsp\source\sdp-options.c">
      <Filter>librtsp</Filter>
    </ClCompile>
  </ItemGroup>
  <ItemGroup>
    <ClInclude Include="..\libice\test\tls-socket.h">
      <Filter>libice</Filter>
    </ClInclude>
    <ClInclude Include="..\libice\test\ice-transport.h">
      <Filter>libice</Filter>
    </ClInclude>
  </ItemGroup>
</Project>