
Microsoft Visual Studio Solution File, Format Version 12.00
# Visual Studio Version 17
VisualStudioVersion = 17.0.31903.59
MinimumVisualStudioVersion = 10.0.40219.1
Project("{8BC9CEB8-8B4A-11D0-8D11-00A0C91BC942}") = "test", "test.vcxproj", "{8DDF8E0A-A452-41A9-81AB-81EF44E52A2E}"
EndProject
Project("{8BC9CEB8-8B4A-11D0-8D11-00A0C91BC942}") = "libhttp", "..\libhttp\libhttp.vcxproj", "{B2CA3B5D-F7C6-4DAF-8F32-F8A169427A7C}"
EndProject
Project("{8BC9CEB8-8B4A-11D0-8D11-00A0C91BC942}") = "libaio", "..\libaio\libaio.vcxproj", "{24239EF8-56AC-4B79-81AA-5CB49B8B1178}"
EndProject
Project("{8BC9CEB8-8B4A-11D0-8D11-00A0C91BC942}") = "libice", "..\libice\libice.vcxproj", "{F565E04B-1E19-47F3-8923-36479C5CAE4D}"
EndProject
Project("{8BC9CEB8-8B4A-11D0-8D11-00A0C91BC942}") = "sdk", "..\sdk.vcxproj", "{11B5E9D8-CEE3-4F4A-9DF6-370EC4D71639}"
EndProject
Global
	GlobalSection(SolutionConfigurationPlatforms) = preSolution
		Debug|Win32 = Debug|Win32
		Debug|x64 = Debug|x64
		Release|Win32 = Release|Win32
		Release|x64 = Release|x64
		WinRTDebug|Win32 = WinRTDebug|Win32
		WinRTDebug|x64 = WinRTDebug|x64
		WinRTRelease|Win32 = WinRTRelease|Win32
		WinRTRelease|x64 = WinRTRelease|x64
	EndGlobalSection
	GlobalSection(ProjectConfigurationPlatforms) = postSolution
		{8DDF8E0A-A452-41A9-81AB-81EF44E52A2E}.Debug|Win32.ActiveCfg = Debug|Win32
		{8DDF8E0A-A452-41A9-81AB-81EF44E52A2E}.Debug|Win32.Build.0 = Debug|Win32
		{8DDF8E0A-A452-41A9-81AB-81EF44E52A2E}.Debug|x64.ActiveCfg = Debug|x64
		{8DDF8E0A-A452-41A9-81AB-81EF44E52A2E}.Debug|x64.Build.0 = Debug|x64
		{8DDF8E0A-A452-41A9-81AB-81EF44E52A2E}.Release|Win32.ActiveCfg = Release|Win32
		{8DDF8E0A-A452-41A9-81AB-81EF44E52A2E}.Release|Win32.Build.0 = Release|Win32
		{8DDF8E0A-A452-41A9-81AB-81EF44E52A2E}.Release|x64.ActiveCfg = Release|Win32
		{8DDF8E0A-A452-41A9-81AB-81EF44E52A2E}.WinRTDebug|Win32.ActiveCfg = Debug|Win32
		{8DDF8E0A-A452-41A9-81AB-81EF44E52A2E}.WinRTDebug|Win32.Build.0 = Debug|Win32
		{8DDF8E0A-A452-41A9-81AB-81EF44E52A2E}.WinRTDebug|x64.ActiveCfg = Release|Win32
		{8DDF8E0A-A452-41A9-81AB-81EF44E52A2E}.WinRTDebug|x64.Build.0 = Release|Win32
		{8DDF8E0A-A452-41A9-81AB-81EF44E52A2E}.WinRTRelease|Win32.ActiveCfg = Release|Win32
		{8DDF8E0A-A452-41A9-81AB-81EF44E52A2E}.WinRTRelease|Win32.Build.0 = Release|Win32
		{8DDF8E0A-A452-41A9-81AB-81EF44E52A2E}.WinRTRelease|x64.ActiveCfg = Release|Win32
		{8DDF8E0A-A452-41A9-81AB-81EF44E52A2E}.WinRTRelease|x64.Build.0 = Release|Win32
		{B2CA3B5D-F7C6-4DAF-8F32-F8A169427A7C}.Debug|Win32.ActiveCfg = Debug|Win32
		{B2CA3B5D-F7C6-4DAF-8F32-F8A169427A7C}.Debug|Win32.Build.0 = Debug|Win32
		{B2CA3B5D-F7C6-4DAF-8F32-F8A169427A7C}.Debug|x64.ActiveCfg = Debug|x64
		{B2CA3B5D-F7C6-4DAF-8F32-F8A169427A7C}.Debug|x64.Build.0 = Debug|x64
		{B2CA3B5D-F7C6-4DAF-8F32-F8A169427A7C}.Release|Win32.ActiveCfg = Release|Win32
		{B2CA3B5D-F7C6-4DAF-8F32-F8A169427A7C}.Release|Win32.Build.0 = Release|Win32
		{B2CA3B5D-F7C6-4DAF-8F32-F8A169427A7C}.Release|x64.ActiveCfg = Release|x64
		{B2CA3B5D-F7C6-4DAF-8F32-F8A169427A7C}.Release|x64.Build.0 = Release|x64
		{B2CA3B5D-F7C6-4DAF-8F32-F8A169427A7C}.WinRTDebug|Win32.ActiveCfg = Debug|Win32
		{B2CA3B5D-F7C6-4DAF-8F32-F8A169427A7C}.WinRTDebug|Win32.Build.0 = Debug|Win32
		{B2CA3B5D-F7C6-4DAF-8F32-F8A169427A7C}.WinRTDebug|x64.ActiveCfg = Debug|x64
		{B2CA3B5D-F7C6-4DAF-8F32-F8A169427A7C}.WinRTDebug|x64.Build.0 = Debug|x64
		{B2CA3B5D-F7C6-4DAF-8F32-F8A169427A7C}.WinRTRelease|Win32.ActiveCfg = Release|Win32
		{B2CA3B5D-F7C6-4DAF-8F32-F8A169427A7C}.WinRTRelease|Win32.Build.0 = Release|Win32
		{B2CA3B5D-F7C6-4DAF-8F32-F8A169427A7C}.WinRTRelease|x64.ActiveCfg = Release|x64
		{B2CA3B5D-F7C6-4DAF-8F32-F8A169427A7C}.WinRTRelease|x64.Build.0 = Release|x64
		{24239EF8-56AC-4B79-81AA-5CB49B8B1178}.Debug|Win32.ActiveCfg = Debug|Win32
		{24239EF8-56AC-4B79-81AA-5CB49B8B1178}.Debug|Win32.Build.0 = Debug|Win32
		{24239EF8-56AC-4B79-81AA-5CB49B8B1178}.Debug|x64.ActiveCfg = Debug|x64
		{24239EF8-56AC-4B79-81AA-5CB49B8B1178}.Debug|x64.Build.0 = Debug|x64
		{24239EF8-56AC-4B79-81AA-5CB49B8B1178}.Release|Win32.ActiveCfg = Release|Win32
		{24239EF8-56AC-4B79-81AA-5CB49B8B1178}.Release|Win32.Build.0 = Release|Win32
		{24239EF8-56AC-4B79-81AA-5CB49B8B1178}.Release|x64.ActiveCfg = Release|x64
		{24239EF8-56AC-4B79-81AA-5CB49B8B1178}.Release|x64.Build.0 = Release|x64
		{24239EF8-56AC-4B79-81AA-5CB49B8B1178}.WinRTDebug|Win32.ActiveCfg = Debug|Win32
		{24239EF8-56AC-4B79-81AA-5CB49B8B1178}.WinRTDebug|Win32.Build.0 = Debug|Win32
		{24239EF8-56AC-4B79-81AA-5CB49B8B1178}.WinRTDebug|x64.ActiveCfg = Debug|x64
		{24239EF8-56AC-4B79-81AA-5CB49B8B1178}.WinRTDebug|x64.Build.0 = Debug|x64
		{24239EF8-56AC-4B79-81AA-5CB49B8B1178}.WinRTRelease|Win32.ActiveCfg = Release|Win32
		{24239EF8-56AC-4B79-81AA-5CB49B8B1178}.WinRTRelease|Win32.Build.0 = Release|Win32
		{24239EF8-56AC-4B79-81AA-5CB49B8B1178}.WinRTRelease|x64.ActiveCfg = Release|x64
		{24239EF8-56AC-4B79-81AA-5CB49B8B1178}.WinRTRelease|x64.Build.0 = Release|x64
		{F565E04B-1E19-47F3-8923-36479C5CAE4D}.Debug|Win32.ActiveCfg = Debug|Win32
		{F565E04B-1E19-47F3-8923-36479C5CAE4D}.Debug|Win32.Build.0 = Debug|Win32
		{F565E04B-1E19-47F3-8923-36479C5CAE4D}.Debug|x64.ActiveCfg = Debug|x64
		{F565E04B-1E19-47F3-8923-36479C5CAE4D}.Debug|x64.Build.0 = Debug|x64
		{F565E04B-1E19-47F3-8923-36479C5CAE4D}.Release|Win32.ActiveCfg = Release|Win32
		{F565E04B-1E19-47F3-8923-36479C5CAE4D}.Release|Win32.Build.0 = Release|Win32
		{F565E04B-1E19-47F3-8923-36479C5CAE4D}.Release|x64.ActiveCfg = Release|x64
		{F565E04B-1E19-47F3-8923-36479C5CAE4D}.Release|x64.Build.0 = Release|x64
		{F565E04B-1E19-47F3-8923-36479C5CAE4D}.WinRTDebug|Win32.ActiveCfg = Debug|Win32
		{F565E04B-1E19-47F3-8923-36479C5CAE4D}.WinRTDebug|Win32.Build.0 = Debug|Win32
		{F565E04B-1E19-47F3-8923-36479C5CAE4D}.WinRTDebug|x64.ActiveCfg = Debug|x64
		{F565E04B-1E19-47F3-8923-36479C5CAE4D}.WinRTDebug|x64.Build.0 = Debug|x64
		{F565E04B-1E19-47F3-8923-36479C5CAE4D}.WinRTRelease|Win32.ActiveCfg = Release|Win32
		{F565E04B-1E19-47F3-8923-36479C5CAE4D}.WinRTRelease|Win32.Build.0 = Release|Win32
		{F565E04B-1E19-47F3-8923-36479C5CAE4D}.WinRTRelease|x64.ActiveCfg = Release|x64
		{F565E04B-1E19-47F3-8923-36479C5CAE4D}.WinRTRelease|x64.Build.0 = Release|x64
		{11B5E9D8-CEE3-4F4A-9DF6-370EC4D71639}.Debug|Win32.ActiveCfg = Debug|Win32
		{11B5E9D8-CEE3-4F4A-9DF6-370EC4D71639}.Debug|Win32.Build.0 = Debug|Win32
		{11B5E9D8-CEE3-4F4A-9DF6-370EC4D71639}.Debug|x64.ActiveCfg = Debug|x64
		{11B5E9D8-CEE3-4F4A-9DF6-370EC4D71639}.Debug|x64.Build.0 = Debug|x64
		{11B5E9D8-CEE3-4F4A-9DF6-370EC4D71639}.Release|Win32.ActiveCfg = Release|Win32
		{11B5E9D8-CEE3-4F4A-9DF6-370EC4D71639}.Release|Win32.Build.0 = Release|Win32
		{11B5E9D8-CEE3-4F4A-9DF6-370EC4D71639}.Release|x64.ActiveCfg = Release|x64
		{11B5E9D8-CEE3-4F4A-9DF6-370EC4D71639}.Release|x64.Build.0 = Release|x64
		{11B5E9D8-CEE3-4F4A-9DF6-370EC4D71639}.WinRTDebug|Win32.ActiveCfg = Debug|Win32
		{11B5E9D8-CEE3-4F4A-9DF6-370EC4D71639}.WinRTDebug|Win32.Build.0 = Debug|Win32
		{11B5E9D8-CEE3-4F4A-9DF6-370EC4D71639}.WinRTDebug|x64.ActiveCfg = Debug|x64
		{11B5E9D8-CEE3-4F4A-9DF6-370EC4D71639}.WinRTDebug|x64.Build.0 = Debug|x64
		{11B5E9D8-CEE3-4F4A-9DF6-370EC4D71639}.WinRTRelease|Win32.ActiveCfg = Release|Win32
		{11B5E9D8-CEE3-4F4A-9DF6-370EC4D71639}.WinRTRelease|Win32.Build.0 = Release|Win32
		{11B5E9D8-CEE3-4F4A-9DF6-370EC4D71639}.WinRTRelease|x64.ActiveCfg = Release|x64
		{11B5E9D8-CEE3-4F4A-9DF6-370EC4D71639}.WinRTRelease|x64.Build.0 = Release|x64
	EndGlobalSection
	GlobalSection(SolutionProperties) = preSolution
		HideSolutionNode = FALSE
	EndGlobalSection
	GlobalSection(ExtensibilityGlobals) = postSolution
		SolutionGuid = {8D73C08A-BFBC-401B-8185-5F680662C73F}
	EndGlobalSection
EndGlobal
