<?xml version="1.0" encoding="utf-8"?>
<Project ToolsVersion="4.0" xmlns="http://schemas.microsoft.com/developer/msbuild/2003">
  <ItemGroup>
    <Filter Include="Source Files">
      <UniqueIdentifier>{4FC737F1-C7A5-4376-A066-2A32D752A2FF}</UniqueIdentifier>
      <Extensions>cpp;c;cc;cxx;def;odl;idl;hpj;bat;asm;asmx</Extensions>
    </Filter>
    <Filter Include="Header Files">
      <UniqueIdentifier>{93995380-89BD-4b04-88EB-625FBE52EBFB}</UniqueIdentifier>
      <Extensions>h;hpp;hxx;hm;inl;inc;xsd</Extensions>
    </Filter>
    <Filter Include="Resource Files">
      <UniqueIdentifier>{67DA6AB6-F800-4c08-8B7A-83BB121AAD01}</UniqueIdentifier>
      <Extensions>rc;ico;cur;bmp;dlg;rc2;rct;bin;rgs;gif;jpg;jpeg;jpe;resx;tiff;tif;png;wav</Extensions>
    </Filter>
  </ItemGroup>
  <ItemGroup>
    <ClCompile Include="source\http-cookie.c">
      <Filter>Source Files</Filter>
    </ClCompile>
    <ClCompile Include="source\http-header-content-type.c">
      <Filter>Source Files</Filter>
    </ClCompile>
    <ClCompile Include="source\http-header-host.c">
      <Filter>Source Files</Filter>
    </ClCompile>
    <ClCompile Include="source\http-reason.c">
      <Filter>Source Files</Filter>
    </ClCompile>
    <ClCompile Include="source\http-request.c">
      <Filter>Source Files</Filter>
    </ClCompile>
    <ClCompile Include="source\http-server.c">
      <Filter>Source Files</Filter>
    </ClCompile>
    <ClCompile Include="source\http-session.c">
      <Filter>Source Files</Filter>
    </ClCompile>
    <ClCompile Include="source\http-parser.c">
      <Filter>Source Files</Filter>
    </ClCompile>
    <ClCompile Include="source\http-upload.c">
      <Filter>Source Files</Filter>
    </ClCompile>
    <ClCompile Include="source\http-header-www-authenticate.c">
      <Filter>Source Files</Filter>
    </ClCompile>
    <ClCompile Include="source\http-header-authorization.c">
      <Filter>Source Files</Filter>
    </ClCompile>
    <ClCompile Include="source\http-server-reply.c">
      <Filter>Source Files</Filter>
    </ClCompile>
    <ClCompile Include="source\http-server-sendfile.c">
      <Filter>Source Files</Filter>
    </ClCompile>
    <ClCompile Include="source\http-server-route.cpp">
      <Filter>Source Files</Filter>
    </ClCompile>
    <ClCompile Include="source\http-header-range.c">
      <Filter>Source Files</Filter>
    </ClCompile>
    <ClCompile Include="source\rfc822-datetime.c">
      <Filter>Source Files</Filter>
    </ClCompile>
    <ClCompile Include="source\http-client-connection-aio.c">
      <Filter>Source Files</Filter>
    </ClCompile>
    <ClCompile Include="source\http-client-connection.c">
      <Filter>Source Files</Filter>
    </ClCompile>
    <ClCompile Include="source\http-client.c">
      <Filter>Source Files</Filter>
    </ClCompile>
    <ClCompile Include="source\http-header-expires.c">
      <Filter>Source Files</Filter>
    </ClCompile>
    <ClCompile Include="source\http-header-auth.c">
      <Filter>Source Files</Filter>
    </ClCompile>
    <ClCompile Include="source\http-transport-pool.c">
      <Filter>Source Files</Filter>
    </ClCompile>
    <ClCompile Include="source\http-client-connection-poll.c">
      <Filter>Source Files</Filter>
    </ClCompile>
    <ClCompile Include="source\http-websocket.c">
      <Filter>Source Files</Filter>
    </ClCompile>
    <ClCompile Include="source\http-websocket-parser.c">
      <Filter>Source Files</Filter>
    </ClCompile>
  </ItemGroup>
  <ItemGroup>
    <ClInclude Include="include\http-client.h">
      <Filter>Header Files</Filter>
    </ClInclude>
    <ClInclude Include="include\http-cookie.h">
      <Filter>Header Files</Filter>
    </ClInclude>
    <ClInclude Include="include\http-header-content-type.h">
      <Filter>Header Files</Filter>
    </ClInclude>
    <ClInclude Include="include\http-header-host.h">
      <Filter>Header Files</Filter>
    </ClInclude>
    <ClInclude Include="include\http-reason.h">
      <Filter>Header Files</Filter>
    </ClInclude>
    <ClInclude Include="include\http-request.h">
      <Filter>Header Files</Filter>
    </ClInclude>
    <ClInclude Include="include\http-server.h">
      <Filter>Header Files</Filter>
    </ClInclude>
    <ClInclude Include="include\http-parser.h">
      <Filter>Header Files</Filter>
    </ClInclude>
    <ClInclude Include="include\http-upload.h">
      <Filter>Header Files</Filter>
    </ClInclude>
    <ClInclude Include="include\http-header-auth.h">
      <Filter>Header Files</Filter>
    </ClInclude>
    <ClInclude Include="include\http-route.h">
      <Filter>Header Files</Filter>
    </ClInclude>
    <ClInclude Include="source\http-server-internal.h">
      <Filter>Source Files</Filter>
    </ClInclude>
    <ClInclude Include="include\http-header-range.h">
      <Filter>Header Files</Filter>
    </ClInclude>
    <ClInclude Include="include\rfc822-datetime.h">
      <Filter>Header Files</Filter>
    </ClInclude>
    <ClInclude Include="source\http-client-internal.h">
      <Filter>Source Files</Filter>
    </ClInclude>
    <ClInclude Include="include\http-header-expires.h">
      <Filter>Header Files</Filter>
    </ClInclude>
    <ClInclude Include="include\http-transport.h">
      <Filter>Header Files</Filter>
    </ClInclude>
    <ClInclude Include="include\http-websocket.h">
      <Filter>Header Files</Filter>
    </ClInclude>
    <ClInclude Include="source\http-websocket-internal.h">
      <Filter>Source Files</Filter>
    </ClInclude>
  </ItemGroup>
</Project>