<?xml version="1.0" encoding="utf-8"?>
<Project ToolsVersion="4.0" xmlns="http://schemas.microsoft.com/developer/msbuild/2003">
  <ItemGroup>
    <Filter Include="Source Files">
      <UniqueIdentifier>{4FC737F1-C7A5-4376-A066-2A32D752A2FF}</UniqueIdentifier>
      <Extensions>cpp;c;cc;cxx;def;odl;idl;hpj;bat;asm;asmx</Extensions>
    </Filter>
    <Filter Include="Header Files">
      <UniqueIdentifier>{93995380-89BD-4b04-88EB-625FBE52EBFB}</UniqueIdentifier>
      <Extensions>h;hh;hpp;hxx;hm;inl;inc;xsd</Extensions>
    </Filter>
    <Filter Include="Resource Files">
      <UniqueIdentifier>{67DA6AB6-F800-4c08-8B7A-83BB121AAD01}</UniqueIdentifier>
      <Extensions>rc;ico;cur;bmp;dlg;rc2;rct;bin;rgs;gif;jpg;jpeg;jpe;resx;tiff;tif;png;wav;mfcribbon-ms</Extensions>
    </Filter>
    <Filter Include="3rd">
      <UniqueIdentifier>{e8d6c407-6181-4d45-8804-dafcad53190e}</UniqueIdentifier>
    </Filter>
  </ItemGroup>
  <ItemGroup>
    <ClInclude Include="include\bencode.h">
      <Filter>Header Files</Filter>
    </ClInclude>
    <ClInclude Include="include\tracker.h">
      <Filter>Header Files</Filter>
    </ClInclude>
    <ClInclude Include="include\metainfo.h">
      <Filter>Header Files</Filter>
    </ClInclude>
    <ClInclude Include="include\torrent.h">
      <Filter>Header Files</Filter>
    </ClInclude>
    <ClInclude Include="src\piece.h">
      <Filter>Header Files</Filter>
    </ClInclude>
    <ClInclude Include="src\torrent-internal.h">
      <Filter>Header Files</Filter>
    </ClInclude>
    <ClInclude Include="src\ipaddr-pool.h">
      <Filter>Header Files</Filter>
    </ClInclude>
    <ClInclude Include="src\tracker-internal.h">
      <Filter>Source Files</Filter>
    </ClInclude>
    <ClInclude Include="src\peer-message.h">
      <Filter>Header Files</Filter>
    </ClInclude>
    <ClInclude Include="src\peer-parser.h">
      <Filter>Header Files</Filter>
    </ClInclude>
    <ClInclude Include="src\peer.h">
      <Filter>Header Files</Filter>
    </ClInclude>
    <ClInclude Include="src\sched-piece.h">
      <Filter>Header Files</Filter>
    </ClInclude>
    <ClInclude Include="src\torrent-sched.h">
      <Filter>Header Files</Filter>
    </ClInclude>
    <ClInclude Include="src\peer-extended.h">
      <Filter>Header Files</Filter>
    </ClInclude>
    <ClInclude Include="src\dht-message.h">
      <Filter>Header Files</Filter>
    </ClInclude>
    <ClInclude Include="src\router.h">
      <Filter>Header Files</Filter>
    </ClInclude>
    <ClInclude Include="src\node.h">
      <Filter>Header Files</Filter>
    </ClInclude>
    <ClInclude Include="include\magnet.h">
      <Filter>Header Files</Filter>
    </ClInclude>
  </ItemGroup>
  <ItemGroup>
    <ClCompile Include="src\bencode.c">
      <Filter>Source Files</Filter>
    </ClCompile>
    <ClCompile Include="src\hash-sha1.c">
      <Filter>Source Files</Filter>
    </ClCompile>
    <ClCompile Include="..\source\uri-parse.c">
      <Filter>3rd</Filter>
    </ClCompile>
    <ClCompile Include="..\source\urlcodec.c">
      <Filter>3rd</Filter>
    </ClCompile>
    <ClCompile Include="src\tracker-http.c">
      <Filter>Source Files</Filter>
    </ClCompile>
    <ClCompile Include="src\tracker-udp.c">
      <Filter>Source Files</Filter>
    </ClCompile>
    <ClCompile Include="..\source\digest\sha1.c">
      <Filter>3rd</Filter>
    </ClCompile>
    <ClCompile Include="src\metainfo.c">
      <Filter>Source Files</Filter>
    </ClCompile>
    <ClCompile Include="src\peer.c">
      <Filter>Source Files</Filter>
    </ClCompile>
    <ClCompile Include="src\piece.c">
      <Filter>Source Files</Filter>
    </ClCompile>
    <ClCompile Include="src\ipaddr-pool.c">
      <Filter>Source Files</Filter>
    </ClCompile>
    <ClCompile Include="..\source\bitmap.c">
      <Filter>3rd</Filter>
    </ClCompile>
    <ClCompile Include="..\source\hweight.c">
      <Filter>3rd</Filter>
    </ClCompile>
    <ClCompile Include="src\peer-message.c">
      <Filter>Source Files</Filter>
    </ClCompile>
    <ClCompile Include="src\peer-parser.c">
      <Filter>Source Files</Filter>
    </ClCompile>
    <ClCompile Include="src\peer-server.c">
      <Filter>Source Files</Filter>
    </ClCompile>
    <ClCompile Include="..\source\app-log.c">
      <Filter>3rd</Filter>
    </ClCompile>
    <ClCompile Include="src\torrent.c">
      <Filter>Source Files</Filter>
    </ClCompile>
    <ClCompile Include="src\torrent-sched.cpp">
      <Filter>Source Files</Filter>
    </ClCompile>
    <ClCompile Include="src\torrent-peer-id.c">
      <Filter>Source Files</Filter>
    </ClCompile>
    <ClCompile Include="src\pex.c">
      <Filter>Source Files</Filter>
    </ClCompile>
    <ClCompile Include="src\extended.c">
      <Filter>Source Files</Filter>
    </ClCompile>
    <ClCompile Include="src\dht-message.c">
      <Filter>Source Files</Filter>
    </ClCompile>
    <ClCompile Include="src\metadata.c">
      <Filter>Source Files</Filter>
    </ClCompile>
    <ClCompile Include="src\dht.c">
      <Filter>Source Files</Filter>
    </ClCompile>
    <ClCompile Include="src\router.c">
      <Filter>Source Files</Filter>
    </ClCompile>
    <ClCompile Include="..\source\rbtree.c">
      <Filter>3rd</Filter>
    </ClCompile>
    <ClCompile Include="..\source\heap.c">
      <Filter>3rd</Filter>
    </ClCompile>
    <ClCompile Include="src\node.c">
      <Filter>Source Files</Filter>
    </ClCompile>
    <ClCompile Include="src\magnet.c">
      <Filter>Source Files</Filter>
    </ClCompile>
    <ClCompile Include="..\source\base64.c">
      <Filter>3rd</Filter>
    </ClCompile>
  </ItemGroup>
  <ItemGroup>
    <None Include="libtorrent.def" />
  </ItemGroup>
</Project>